
Microsoft Visual Studio Solution File, Format Version 12.00
# Visual Studio Version 17
VisualStudioVersion = 17.14.36414.22 d17.14
MinimumVisualStudioVersion = 10.0.40219.1
Project("{FAE04EC0-301F-11D3-BF4B-00C04F79EFBC}") = "AktienEngine.View", "AktienEngine.View\AktienEngine.View.csproj", "{1FB14143-088A-4B76-926D-9167A7DB049B}"
EndProject
Project("{FAE04EC0-301F-11D3-BF4B-00C04F79EFBC}") = "AktienEngine.ViewModel", "AktienEngine.ViewModel\AktienEngine.ViewModel.csproj", "{9AC9AC64-A352-423F-9D34-1FCEF71BF05E}"
EndProject
Project("{FAE04EC0-301F-11D3-BF4B-00C04F79EFBC}") = "AktienEngine.Model", "AktienEngine.Model\AktienEngine.Model.csproj", "{895AC865-4245-48A0-82C8-A38DB727DBF9}"
EndProject
Global
	GlobalSection(SolutionConfigurationPlatforms) = preSolution
		Debug|Any CPU = Debug|Any CPU
		Release|Any CPU = Release|Any CPU
	EndGlobalSection
	GlobalSection(ProjectConfigurationPlatforms) = postSolution
		{1FB14143-088A-4B76-926D-9167A7DB049B}.Debug|Any CPU.ActiveCfg = Debug|Any CPU
		{1FB14143-088A-4B76-926D-9167A7DB049B}.Debug|Any CPU.Build.0 = Debug|Any CPU
		{1FB14143-088A-4B76-926D-9167A7DB049B}.Release|Any CPU.ActiveCfg = Release|Any CPU
		{1FB14143-088A-4B76-926D-9167A7DB049B}.Release|Any CPU.Build.0 = Release|Any CPU
		{9AC9AC64-A352-423F-9D34-1FCEF71BF05E}.Debug|Any CPU.ActiveCfg = Debug|Any CPU
		{9AC9AC64-A352-423F-9D34-1FCEF71BF05E}.Debug|Any CPU.Build.0 = Debug|Any CPU
		{9AC9AC64-A352-423F-9D34-1FCEF71BF05E}.Release|Any CPU.ActiveCfg = Release|Any CPU
		{9AC9AC64-A352-423F-9D34-1FCEF71BF05E}.Release|Any CPU.Build.0 = Release|Any CPU
		{895AC865-4245-48A0-82C8-A38DB727DBF9}.Debug|Any CPU.ActiveCfg = Debug|Any CPU
		{895AC865-4245-48A0-82C8-A38DB727DBF9}.Debug|Any CPU.Build.0 = Debug|Any CPU
		{895AC865-4245-48A0-82C8-A38DB727DBF9}.Release|Any CPU.ActiveCfg = Release|Any CPU
		{895AC865-4245-48A0-82C8-A38DB727DBF9}.Release|Any CPU.Build.0 = Release|Any CPU
	EndGlobalSection
	GlobalSection(SolutionProperties) = preSolution
		HideSolutionNode = FALSE
	EndGlobalSection
	GlobalSection(ExtensibilityGlobals) = postSolution
		SolutionGuid = {16117A7D-6DEA-426A-A608-84331E92599A}
	EndGlobalSection
EndGlobal
